<?xml version="1.0" encoding="utf-8"?>
<Project ToolsVersion="4.0" xmlns="http://schemas.microsoft.com/developer/msbuild/2003">
  <ItemGroup>
    <Filter Include="소스 파일">
      <UniqueIdentifier>{4FC737F1-C7A5-4376-A066-2A32D752A2FF}</UniqueIdentifier>
      <Extensions>cpp;c;cc;cxx;c++;cppm;ixx;def;odl;idl;hpj;bat;asm;asmx</Extensions>
    </Filter>
    <Filter Include="헤더 파일">
      <UniqueIdentifier>{93995380-89BD-4b04-88EB-625FBE52EBFB}</UniqueIdentifier>
      <Extensions>h;hh;hpp;hxx;h++;hm;inl;inc;ipp;xsd</Extensions>
    </Filter>
    <Filter Include="리소스 파일">
      <UniqueIdentifier>{67DA6AB6-F800-4c08-8B7A-83BB121AAD01}</UniqueIdentifier>
      <Extensions>rc;ico;cur;bmp;dlg;rc2;rct;bin;rgs;gif;jpg;jpeg;jpe;resx;tiff;tif;png;wav;mfcribbon-ms</Extensions>
    </Filter>
  </ItemGroup>
  <ItemGroup>
    <ClCompile Include="Creational Pattern\Abstract Factory\Version1\AbstractFactory1.cpp">
      <Filter>소스 파일</Filter>
    </ClCompile>
    <ClCompile Include="Creational Pattern\Builder\Version1\Builder1.cpp">
      <Filter>소스 파일</Filter>
    </ClCompile>
    <ClCompile Include="Creational Pattern\Builder\Version2\Builder2.cpp">
      <Filter>소스 파일</Filter>
    </ClCompile>
    <ClCompile Include="Creational Pattern\Factory Method\Version1\FactoryMethod1.cpp">
      <Filter>소스 파일</Filter>
    </ClCompile>
    <ClCompile Include="Creational Pattern\Factory Method\Version1\FactoryMethod1_Components.h">
      <Filter>소스 파일</Filter>
    </ClCompile>
    <ClCompile Include="Creational Pattern\Prototype\Version1\Prototype1.cpp">
      <Filter>소스 파일</Filter>
    </ClCompile>
    <ClCompile Include="Creational Pattern\Singleton\Version0\SingletonBasic.cpp">
      <Filter>소스 파일</Filter>
    </ClCompile>
    <ClCompile Include="Creational Pattern\Singleton\Version1\Singleton1.cpp">
      <Filter>소스 파일</Filter>
    </ClCompile>
    <ClCompile Include="Structural Pattern\Adapter\Version1\Adapter1.cpp">
      <Filter>소스 파일</Filter>
    </ClCompile>
    <ClCompile Include="Structural Pattern\Adapter\Version2\Adapter2.cpp">
      <Filter>소스 파일</Filter>
    </ClCompile>
    <ClCompile Include="Structural Pattern\Bridge\Version1\Bridge1.cpp">
      <Filter>소스 파일</Filter>
    </ClCompile>
    <ClCompile Include="Structural Pattern\Composite\Version1\Composite1.cpp">
      <Filter>소스 파일</Filter>
    </ClCompile>
    <ClCompile Include="Structural Pattern\Decorator\Version1\Decorator1.cpp">
      <Filter>소스 파일</Filter>
    </ClCompile>
    <ClCompile Include="Structural Pattern\Facade\Version1\Facade1.cpp">
      <Filter>소스 파일</Filter>
    </ClCompile>
    <ClCompile Include="Structural Pattern\Flyweight\Version1\Flyweight1.cpp">
      <Filter>소스 파일</Filter>
    </ClCompile>
    <ClCompile Include="Structural Pattern\Proxy\Version1\Proxy1.cpp">
      <Filter>소스 파일</Filter>
    </ClCompile>
    <ClCompile Include="Behavioral Pattern\Chain Of Responsibility\Version1\ChainOfResponsibility1.cpp">
      <Filter>소스 파일</Filter>
    </ClCompile>
    <ClCompile Include="Behavioral Pattern\Chain Of Responsibility\Version2\ChainOfResponsibility2.cpp">
      <Filter>소스 파일</Filter>
    </ClCompile>
    <ClCompile Include="Behavioral Pattern\Command\Version1\Command1.cpp">
      <Filter>소스 파일</Filter>
    </ClCompile>
    <ClCompile Include="Behavioral Pattern\Command\Version2\Command2.cpp">
      <Filter>소스 파일</Filter>
    </ClCompile>
    <ClCompile Include="Behavioral Pattern\Interpreter\Version1\Interpreter1.cpp">
      <Filter>소스 파일</Filter>
    </ClCompile>
  </ItemGroup>
  <ItemGroup>
    <ClInclude Include="Creational Pattern\Abstract Factory\Version1\AbstractFactory1.h">
      <Filter>헤더 파일</Filter>
    </ClInclude>
    <ClInclude Include="Creational Pattern\Abstract Factory\Version1\AbstractFactory1_Components.h">
      <Filter>헤더 파일</Filter>
    </ClInclude>
    <ClInclude Include="Creational Pattern\Builder\Version1\Builder1.h">
      <Filter>헤더 파일</Filter>
    </ClInclude>
    <ClInclude Include="Creational Pattern\Builder\Version1\Builder1_Components.h">
      <Filter>헤더 파일</Filter>
    </ClInclude>
    <ClInclude Include="Creational Pattern\Builder\Version2\Builder2_Components.h">
      <Filter>헤더 파일</Filter>
    </ClInclude>
    <ClInclude Include="Creational Pattern\Builder\Version2\Builder2.h">
      <Filter>헤더 파일</Filter>
    </ClInclude>
    <ClInclude Include="Creational Pattern\Factory Method\Version1\FactoryMethod1.h">
      <Filter>헤더 파일</Filter>
    </ClInclude>
    <ClInclude Include="Creational Pattern\Factory Method\Version2\FactoryMethod2_Components.h">
      <Filter>헤더 파일</Filter>
    </ClInclude>
    <ClInclude Include="Creational Pattern\Factory Method\Version2\FactoryMethod2.h">
      <Filter>헤더 파일</Filter>
    </ClInclude>
    <ClInclude Include="Creational Pattern\Factory Method\Version3\FactoryMethod3_Components.h">
      <Filter>헤더 파일</Filter>
    </ClInclude>
    <ClInclude Include="Creational Pattern\Factory Method\Version3\FactoryMethod3.h">
      <Filter>헤더 파일</Filter>
    </ClInclude>
    <ClInclude Include="Creational Pattern\Prototype\Version1\Prototype1.h">
      <Filter>헤더 파일</Filter>
    </ClInclude>
    <ClInclude Include="Creational Pattern\Prototype\Version1\Prototype1_Components.h">
      <Filter>헤더 파일</Filter>
    </ClInclude>
    <ClInclude Include="Creational Pattern\Singleton\Version0\SingletonBasic.h">
      <Filter>헤더 파일</Filter>
    </ClInclude>
    <ClInclude Include="Creational Pattern\Singleton\Version1\Singleton1.h">
      <Filter>헤더 파일</Filter>
    </ClInclude>
    <ClInclude Include="Structural Pattern\Adapter\Version1\Adapter1.h">
      <Filter>헤더 파일</Filter>
    </ClInclude>
    <ClInclude Include="Structural Pattern\Adapter\Version2\Adapter2.h">
      <Filter>헤더 파일</Filter>
    </ClInclude>
    <ClInclude Include="Structural Pattern\Bridge\Version1\Bridge1.h">
      <Filter>헤더 파일</Filter>
    </ClInclude>
    <ClInclude Include="Structural Pattern\Composite\Version1\Composite1.h">
      <Filter>헤더 파일</Filter>
    </ClInclude>
    <ClInclude Include="Structural Pattern\Composite\Version1\Composite1_Sub.h">
      <Filter>헤더 파일</Filter>
    </ClInclude>
    <ClInclude Include="Structural Pattern\Decorator\Version1\Decorator1.h">
      <Filter>헤더 파일</Filter>
    </ClInclude>
    <ClInclude Include="Structural Pattern\Facade\Version1\Facade1.h">
      <Filter>헤더 파일</Filter>
    </ClInclude>
    <ClInclude Include="Structural Pattern\Flyweight\Version1\Flyweight1.h">
      <Filter>헤더 파일</Filter>
    </ClInclude>
    <ClInclude Include="Structural Pattern\Proxy\Version1\Proxy1.h">
      <Filter>헤더 파일</Filter>
    </ClInclude>
    <ClInclude Include="Behavioral Pattern\Chain Of Responsibility\Version1\ChainOfResponsibility1.h">
      <Filter>헤더 파일</Filter>
    </ClInclude>
    <ClInclude Include="Behavioral Pattern\Chain Of Responsibility\Version2\ChainOfResponsibility2.h">
      <Filter>헤더 파일</Filter>
    </ClInclude>
    <ClInclude Include="Behavioral Pattern\Command\Version1\Command1.h">
      <Filter>헤더 파일</Filter>
    </ClInclude>
    <ClInclude Include="Behavioral Pattern\Command\Version2\Command2.h">
      <Filter>헤더 파일</Filter>
    </ClInclude>
    <ClInclude Include="Behavioral Pattern\Interpreter\Version1\Interpreter1.h">
      <Filter>헤더 파일</Filter>
    </ClInclude>
  </ItemGroup>
</Project>